
Microsoft Visual Studio Solution File, Format Version 12.00
# Visual Studio Express 2012 for Windows Desktop
Project("{FAE04EC0-301F-11D3-BF4B-00C04F79EFBC}") = "D3HeroesTool", "D3HeroesTool\D3HeroesTool.csproj", "{C3AC5FB2-F53A-41E1-9A71-E5A46266D240}"
EndProject
Project("{FAE04EC0-301F-11D3-BF4B-00C04F79EFBC}") = "D3HeroesTool.Test", "D3HeroesTool.Test\D3HeroesTool.Test.csproj", "{BE4A75B5-D040-4C13-8C44-2402A5466AB6}"
EndProject
Project("{FAE04EC0-301F-11D3-BF4B-00C04F79EFBC}") = "D3Data", "D3Data\D3Data.csproj", "{B80EE2FF-2307-49B1-AC5D-9162A3D29F44}"
EndProject
Global
	GlobalSection(SolutionConfigurationPlatforms) = preSolution
		Debug|Any CPU = Debug|Any CPU
		Release|Any CPU = Release|Any CPU
	EndGlobalSection
	GlobalSection(ProjectConfigurationPlatforms) = postSolution
		{C3AC5FB2-F53A-41E1-9A71-E5A46266D240}.Debug|Any CPU.ActiveCfg = Debug|Any CPU
		{C3AC5FB2-F53A-41E1-9A71-E5A46266D240}.Debug|Any CPU.Build.0 = Debug|Any CPU
		{C3AC5FB2-F53A-41E1-9A71-E5A46266D240}.Release|Any CPU.ActiveCfg = Release|Any CPU
		{C3AC5FB2-F53A-41E1-9A71-E5A46266D240}.Release|Any CPU.Build.0 = Release|Any CPU
		{BE4A75B5-D040-4C13-8C44-2402A5466AB6}.Debug|Any CPU.ActiveCfg = Debug|Any CPU
		{BE4A75B5-D040-4C13-8C44-2402A5466AB6}.Debug|Any CPU.Build.0 = Debug|Any CPU
		{BE4A75B5-D040-4C13-8C44-2402A5466AB6}.Release|Any CPU.ActiveCfg = Release|Any CPU
		{BE4A75B5-D040-4C13-8C44-2402A5466AB6}.Release|Any CPU.Build.0 = Release|Any CPU
		{B80EE2FF-2307-49B1-AC5D-9162A3D29F44}.Debug|Any CPU.ActiveCfg = Debug|Any CPU
		{B80EE2FF-2307-49B1-AC5D-9162A3D29F44}.Debug|Any CPU.Build.0 = Debug|Any CPU
		{B80EE2FF-2307-49B1-AC5D-9162A3D29F44}.Release|Any CPU.ActiveCfg = Release|Any CPU
		{B80EE2FF-2307-49B1-AC5D-9162A3D29F44}.Release|Any CPU.Build.0 = Release|Any CPU
	EndGlobalSection
	GlobalSection(SolutionProperties) = preSolution
		HideSolutionNode = FALSE
	EndGlobalSection
EndGlobal
